{
  "R": {
    "Version": "4.2.3",
    "Repositories": [
      {
        "Name": "CRAN",
        "URL": "https://packagemanager.posit.co/cran/latest"
      },
      {
        "Name": "cloudr",
        "URL": "https://cloud.r-project.org"
      },
      {
        "Name": "mrcieu",
        "URL": "https://mrcieu.r-universe.dev"
      }
    ]
  },
  "Packages": {
    "MASS": {
      "Package": "MASS",
      "Version": "7.3-60",
      "Source": "Repository",
      "Repository": "RSPM",
      "Hash": "a56a6365b3fa73293ea8d084be0d9bb0",
      "Requirements": []
    },
    "Matrix": {
      "Package": "Matrix",
      "Version": "1.5-4.1",
      "Source": "Repository",
      "Repository": "RSPM",
      "Hash": "38082d362d317745fb932e13956dccbb",
      "Requirements": [
        "lattice"
      ]
    },
    "R6": {
      "Package": "R6",
      "Version": "2.6.1",
      "Source": "Repository",
      "Repository": "RSPM",
      "Hash": "d4335fe7207f1c01ab8c41762f5840d4",
      "Requirements": []
    },
    "RColorBrewer": {
      "Package": "RColorBrewer",
      "Version": "1.1-3",
      "Source": "Repository",
      "Repository": "RSPM",
      "Hash": "45f0398006e83a5b10b72a90663d8d8c",
      "Requirements": []
    },
    "Rcpp": {
      "Package": "Rcpp",
      "Version": "1.0.14",
      "Source": "Repository",
      "Repository": "RSPM",
      "Hash": "e7bdd9ee90e96921ca8a0f1972d66682",
      "Requirements": []
    },
    "RcppEigen": {
      "Package": "RcppEigen",
      "Version": "0.3.4.0.2",
      "Source": "Repository",
      "Repository": "RSPM",
      "Hash": "4ac8e423216b8b70cb9653d1b3f71eb9",
      "Requirements": [
        "Rcpp"
      ]
    },
    "askpass": {
      "Package": "askpass",
      "Version": "1.2.1",
      "Source": "CRAN",
      "Repository": "RSPM",
      "RemoteType": "standard",
      "RemotePkgRef": "askpass",
      "RemoteRef": "askpass",
      "RemoteRepos": "https://packagemanager.posit.co/cran/latest",
      "RemotePkgPlatform": "x86_64-apple-darwin17.0",
      "RemoteSha": "1.2.1",
      "Hash": "c39f4155b3ceb1a9a2799d700fbd4b6a",
      "Requirements": [
        "sys"
      ]
    },
    "backports": {
      "Package": "backports",
      "Version": "1.5.0",
      "Source": "Repository",
      "Repository": "RSPM",
      "Hash": "e1e1b9d75c37401117b636b7ae50827a",
      "Requirements": []
    },
    "base64enc": {
      "Package": "base64enc",
      "Version": "0.1-3",
      "Source": "Repository",
      "Repository": "RSPM",
      "Hash": "543776ae6848fde2f48ff3816d0628bc",
      "Requirements": []
    },
    "base64url": {
      "Package": "base64url",
      "Version": "1.4",
      "Source": "Repository",
      "Repository": "RSPM",
      "Hash": "0c54cf3a08cc0e550fbd64ad33166143",
      "Requirements": [
        "backports"
      ]
    },
    "broom": {
      "Package": "broom",
      "Version": "1.0.7",
      "Source": "Repository",
      "Repository": "RSPM",
      "Hash": "8fcc818f3b9887aebaf206f141437cc9",
      "Requirements": [
        "backports",
        "dplyr",
        "generics",
        "glue",
        "lifecycle",
        "purrr",
        "rlang",
        "stringr",
        "tibble",
        "tidyr"
      ]
    },
    "bslib": {
      "Package": "bslib",
      "Version": "0.9.0",
      "Source": "Repository",
      "Repository": "RSPM",
      "Hash": "70a6489cc254171fb9b4a7f130f44dca",
      "Requirements": [
        "base64enc",
        "cachem",
        "fastmap",
        "htmltools",
        "jquerylib",
        "jsonlite",
        "lifecycle",
        "memoise",
        "mime",
        "rlang",
        "sass"
      ]
    },
    "cachem": {
      "Package": "cachem",
      "Version": "1.1.0",
      "Source": "CRAN",
      "Repository": "RSPM",
      "RemoteType": "standard",
      "RemotePkgRef": "cachem",
      "RemoteRef": "cachem",
      "RemoteRepos": "https://packagemanager.posit.co/cran/latest",
      "RemotePkgPlatform": "x86_64-apple-darwin17.0",
      "RemoteSha": "1.1.0",
      "Hash": "cd9a672193789068eb5a2aad65a0dedf",
      "Requirements": [
        "fastmap",
        "rlang"
      ]
    },
    "callr": {
      "Package": "callr",
      "Version": "3.7.6",
      "Source": "Repository",
      "Repository": "RSPM",
      "Hash": "d7e13f49c19103ece9e58ad2d83a7354",
      "Requirements": [
        "R6",
        "processx"
      ]
    },
    "cellranger": {
      "Package": "cellranger",
      "Version": "1.1.0",
      "Source": "Repository",
      "Repository": "RSPM",
      "Hash": "f61dbaec772ccd2e17705c1e872e9e7c",
      "Requirements": [
        "rematch",
        "tibble"
      ]
    },
    "cli": {
      "Package": "cli",
      "Version": "3.6.4",
      "Source": "Repository",
      "Repository": "RSPM",
      "Hash": "491c34d3d9dd0d2fe13d9f278bb90795",
      "Requirements": []
    },
    "codetools": {
      "Package": "codetools",
      "Version": "0.2-19",
      "Source": "Repository",
      "Repository": "CRAN",
      "Hash": "c089a619a7fae175d149d89164f8c7d8",
      "Requirements": []
    },
    "colorspace": {
      "Package": "colorspace",
      "Version": "2.1-1",
      "Source": "Repository",
      "Repository": "RSPM",
      "Hash": "d954cb1c57e8d8b756165d7ba18aa55a",
      "Requirements": []
    },
    "commonmark": {
      "Package": "commonmark",
      "Version": "1.9.0",
      "Source": "Repository",
      "Repository": "CRAN",
      "Hash": "d691c61bff84bd63c383874d2d0c3307",
      "Requirements": []
    },
    "cowplot": {
      "Package": "cowplot",
      "Version": "1.1.1",
      "Source": "Repository",
      "Repository": "RSPM",
      "Hash": "b418e8423699d11c7f2087c2bfd07da2",
      "Requirements": [
        "ggplot2",
        "gtable",
        "rlang",
        "scales"
      ]
    },
    "cpp11": {
      "Package": "cpp11",
      "Version": "0.5.2",
      "Source": "Repository",
      "Repository": "RSPM",
      "Hash": "2720e3fd3dad08f34b19b56b3d6f073d",
      "Requirements": []
    },
    "crayon": {
      "Package": "crayon",
      "Version": "1.5.3",
      "Source": "Repository",
      "Repository": "RSPM",
      "Hash": "859d96e65ef198fd43e82b9628d593ef",
      "Requirements": []
    },
    "curl": {
      "Package": "curl",
      "Version": "6.2.0",
      "Source": "Repository",
      "Repository": "RSPM",
      "Hash": "b580cbb010099fd990df6bfe44459e1a",
      "Requirements": []
    },
    "data.table": {
      "Package": "data.table",
      "Version": "1.14.10",
      "Source": "Repository",
      "Repository": "RSPM",
      "Hash": "6ea17a32294d8ca00455825ab0cf71b9",
      "Requirements": []
    },
    "digest": {
      "Package": "digest",
      "Version": "0.6.37",
      "Source": "CRAN",
      "Repository": "RSPM",
      "RemoteType": "standard",
      "RemotePkgRef": "digest",
      "RemoteRef": "digest",
      "RemoteRepos": "https://packagemanager.posit.co/cran/latest",
      "RemotePkgPlatform": "x86_64-apple-darwin17.0",
      "RemoteSha": "0.6.37",
      "Hash": "33698c4b3127fc9f506654607fb73676",
      "Requirements": []
    },
    "dplyr": {
      "Package": "dplyr",
      "Version": "1.1.4",
      "Source": "Repository",
      "Repository": "RSPM",
      "Hash": "fedd9d00c2944ff00a0e2696ccf048ec",
      "Requirements": [
        "R6",
        "cli",
        "generics",
        "glue",
        "lifecycle",
        "magrittr",
        "pillar",
        "rlang",
        "tibble",
        "tidyselect",
        "vctrs"
      ]
    },
    "egg": {
      "Package": "egg",
      "Version": "0.4.5",
      "Source": "Repository",
      "Repository": "RSPM",
      "Hash": "d958917f7b60c13089ab0c8d17114053",
      "Requirements": [
        "ggplot2",
        "gridExtra",
        "gtable"
      ]
    },
    "evaluate": {
      "Package": "evaluate",
      "Version": "1.0.3",
      "Source": "Repository",
      "Repository": "RSPM",
      "Hash": "e9651417729bbe7472e32b5027370e79",
      "Requirements": []
    },
    "fansi": {
      "Package": "fansi",
      "Version": "1.0.6",
      "Source": "Repository",
      "Repository": "RSPM",
      "Hash": "962174cf2aeb5b9eea581522286a911f",
      "Requirements": []
    },
    "farver": {
      "Package": "farver",
      "Version": "2.1.2",
      "Source": "Repository",
      "Repository": "RSPM",
      "Hash": "680887028577f3fa2a81e410ed0d6e42",
      "Requirements": []
    },
    "fastmap": {
      "Package": "fastmap",
      "Version": "1.2.0",
      "Source": "CRAN",
      "Repository": "RSPM",
      "RemoteType": "standard",
      "RemotePkgRef": "fastmap",
      "RemoteRef": "fastmap",
      "RemoteRepos": "https://packagemanager.posit.co/cran/latest",
      "RemotePkgPlatform": "x86_64-apple-darwin17.0",
      "RemoteSha": "1.2.0",
      "Hash": "aa5e1cd11c2d15497494c5292d7ffcc8",
      "Requirements": []
    },
    "flextable": {
      "Package": "flextable",
      "Version": "0.9.7",
      "Source": "Repository",
      "Repository": "RSPM",
      "Hash": "e3201bd3a94311654ff35cf2ddc3343e",
      "Requirements": [
        "data.table",
        "gdtools",
        "htmltools",
        "knitr",
        "officer",
        "ragg",
        "rlang",
        "rmarkdown",
        "uuid",
        "xml2"
      ]
    },
    "fontBitstreamVera": {
      "Package": "fontBitstreamVera",
      "Version": "0.1.1",
      "Source": "Repository",
      "Repository": "RSPM",
      "Hash": "f6068021eff4aba735a9b2353516636c",
      "Requirements": []
    },
    "fontLiberation": {
      "Package": "fontLiberation",
      "Version": "0.1.0",
      "Source": "Repository",
      "Repository": "RSPM",
      "Hash": "f918c5e723f86f409912104d5b7a71d6",
      "Requirements": []
    },
    "fontawesome": {
      "Package": "fontawesome",
      "Version": "0.5.3",
      "Source": "Repository",
      "Repository": "RSPM",
      "Hash": "bd1297f9b5b1fc1372d19e2c4cd82215",
      "Requirements": [
        "htmltools",
        "rlang"
      ]
    },
    "fontquiver": {
      "Package": "fontquiver",
      "Version": "0.2.1",
      "Source": "Repository",
      "Repository": "RSPM",
      "Hash": "fc0f4226379e451057d55419fd31761e",
      "Requirements": [
        "fontBitstreamVera",
        "fontLiberation"
      ]
    },
    "forcats": {
      "Package": "forcats",
      "Version": "1.0.0",
      "Source": "Repository",
      "Repository": "RSPM",
      "Hash": "1a0a9a3d5083d0d573c4214576f1e690",
      "Requirements": [
        "cli",
        "glue",
        "lifecycle",
        "magrittr",
        "rlang",
        "tibble"
      ]
    },
    "fs": {
      "Package": "fs",
      "Version": "1.6.5",
      "Source": "CRAN",
      "Repository": "RSPM",
      "RemoteType": "standard",
      "RemotePkgRef": "fs",
      "RemoteRef": "fs",
      "RemoteRepos": "https://packagemanager.posit.co/cran/latest",
      "RemotePkgPlatform": "x86_64-apple-darwin17.0",
      "RemoteSha": "1.6.5",
      "Hash": "7f48af39fa27711ea5fbd183b399920d",
      "Requirements": []
    },
    "ftExtra": {
      "Package": "ftExtra",
      "Version": "0.6.4",
      "Source": "Repository",
      "Repository": "RSPM",
      "Hash": "73b6b677bae11346e45cf99034e9b404",
      "Requirements": [
        "dplyr",
        "flextable",
        "jsonlite",
        "magrittr",
        "purrr",
        "rlang",
        "rmarkdown",
        "stringr",
        "tibble",
        "tidyr",
        "tidyselect",
        "vctrs",
        "xfun",
        "yaml"
      ]
    },
    "gdtools": {
      "Package": "gdtools",
      "Version": "0.4.1",
      "Source": "Repository",
      "Repository": "RSPM",
      "Hash": "169e77416ce3f7ac73fc975909dd5455",
      "Requirements": [
        "Rcpp",
        "fontquiver",
        "htmltools",
        "systemfonts"
      ]
    },
    "generics": {
      "Package": "generics",
      "Version": "0.1.3",
      "Source": "Repository",
      "Repository": "RSPM",
      "Hash": "15e9634c0fcd294799e9b2e929ed1b86",
      "Requirements": []
    },
    "ggforce": {
      "Package": "ggforce",
      "Version": "0.4.2",
      "Source": "Repository",
      "Repository": "RSPM",
      "Hash": "384b388bd9155468d2c851846ee69f9f",
      "Requirements": [
        "MASS",
        "Rcpp",
        "RcppEigen",
        "cli",
        "ggplot2",
        "gtable",
        "lifecycle",
        "polyclip",
        "rlang",
        "scales",
        "systemfonts",
        "tidyselect",
        "tweenr",
        "vctrs",
        "withr"
      ]
    },
    "ggforestplot": {
      "Package": "ggforestplot",
      "Version": "0.1.0",
      "Source": "GitHub",
      "RemoteType": "github",
      "RemoteHost": "api.github.com",
      "RemoteRepo": "ggforestplot",
      "RemoteUsername": "NightingaleHealth",
      "RemoteRef": "HEAD",
      "RemoteSha": "547617e63fa481a5f28ffc56c07d46be4af688b2",
      "Hash": "5d22c52c06a149859735776e7e2c5ac6",
      "Requirements": [
        "broom",
        "dplyr",
        "generics",
        "ggforce",
        "ggplot2",
        "ggplotify",
        "ggstance",
        "gridExtra",
        "lazyeval",
        "magrittr",
        "patchwork",
        "purrr",
        "rlang",
        "scales",
        "stringr",
        "survival",
        "tibble",
        "tidyr",
        "tidyselect"
      ]
    },
    "ggplot2": {
      "Package": "ggplot2",
      "Version": "3.5.1",
      "Source": "Repository",
      "Repository": "RSPM",
      "Hash": "44c6a2f8202d5b7e878ea274b1092426",
      "Requirements": [
        "MASS",
        "cli",
        "glue",
        "gtable",
        "isoband",
        "lifecycle",
        "mgcv",
        "rlang",
        "scales",
        "tibble",
        "vctrs",
        "withr"
      ]
    },
    "ggplotify": {
      "Package": "ggplotify",
      "Version": "0.1.2",
      "Source": "Repository",
      "Repository": "RSPM",
      "Hash": "1547863db3b472cf7181973acf649f1a",
      "Requirements": [
        "ggplot2",
        "gridGraphics",
        "yulab.utils"
      ]
    },
    "ggrepel": {
      "Package": "ggrepel",
      "Version": "0.9.3",
      "Source": "Repository",
      "Repository": "RSPM",
      "Hash": "92edfac53774706b4d6099f3ee6f6306",
      "Requirements": [
        "Rcpp",
        "ggplot2",
        "rlang",
        "scales",
        "withr"
      ]
    },
    "ggstance": {
      "Package": "ggstance",
      "Version": "0.3.7",
      "Source": "Repository",
      "Repository": "RSPM",
      "Hash": "cb7032245f8eac9e9bd0483b1118dbbe",
      "Requirements": [
        "cli",
        "ggplot2",
        "plyr",
        "rlang",
        "withr"
      ]
    },
    "ggtext": {
      "Package": "ggtext",
      "Version": "0.1.2",
      "Source": "Repository",
      "Repository": "RSPM",
      "Hash": "c5ba8f5056487403a299b91984be86ca",
      "Requirements": [
        "ggplot2",
        "gridtext",
        "rlang",
        "scales"
      ]
    },
    "glue": {
      "Package": "glue",
      "Version": "1.8.0",
      "Source": "CRAN",
      "Repository": "RSPM",
      "RemoteType": "standard",
      "RemotePkgRef": "glue",
      "RemoteRef": "glue",
      "RemoteRepos": "https://packagemanager.posit.co/cran/latest",
      "RemotePkgPlatform": "x86_64-apple-darwin17.0",
      "RemoteSha": "1.8.0",
      "Hash": "5899f1eaa825580172bb56c08266f37c",
      "Requirements": []
    },
    "gridExtra": {
      "Package": "gridExtra",
      "Version": "2.3",
      "Source": "Repository",
      "Repository": "RSPM",
      "Hash": "7d7f283939f563670a697165b2cf5560",
      "Requirements": [
        "gtable"
      ]
    },
    "gridGraphics": {
      "Package": "gridGraphics",
      "Version": "0.5-1",
      "Source": "Repository",
      "Repository": "RSPM",
      "Hash": "5b79228594f02385d4df4979284879ae",
      "Requirements": []
    },
    "gridtext": {
      "Package": "gridtext",
      "Version": "0.1.5",
      "Source": "Repository",
      "Repository": "RSPM",
      "Hash": "05e4f5fffb1eecfeaac9ea0b7f255fef",
      "Requirements": [
        "Rcpp",
        "curl",
        "jpeg",
        "markdown",
        "png",
        "rlang",
        "stringr",
        "xml2"
      ]
    },
    "gtable": {
      "Package": "gtable",
      "Version": "0.3.6",
      "Source": "Repository",
      "Repository": "RSPM",
      "Hash": "de949855009e2d4d0e52a844e30617ae",
      "Requirements": [
        "cli",
        "glue",
        "lifecycle",
        "rlang"
      ]
    },
    "highr": {
      "Package": "highr",
      "Version": "0.11",
      "Source": "Repository",
      "Repository": "RSPM",
      "Hash": "d65ba49117ca223614f71b60d85b8ab7",
      "Requirements": [
        "xfun"
      ]
    },
    "hms": {
      "Package": "hms",
      "Version": "1.1.3",
      "Source": "Repository",
      "Repository": "RSPM",
      "Hash": "b59377caa7ed00fa41808342002138f9",
      "Requirements": [
        "lifecycle",
        "pkgconfig",
        "rlang",
        "vctrs"
      ]
    },
    "htmltools": {
      "Package": "htmltools",
      "Version": "0.5.8.1",
      "Source": "CRAN",
      "Repository": "RSPM",
      "RemoteType": "standard",
      "RemotePkgRef": "htmltools",
      "RemoteRef": "htmltools",
      "RemoteRepos": "https://packagemanager.posit.co/cran/latest",
      "RemotePkgPlatform": "x86_64-apple-darwin17.0",
      "RemoteSha": "0.5.8.1",
      "Hash": "81d371a9cc60640e74e4ab6ac46dcedc",
      "Requirements": [
        "base64enc",
        "digest",
        "fastmap",
        "rlang"
      ]
    },
    "htmlwidgets": {
      "Package": "htmlwidgets",
      "Version": "1.6.4",
      "Source": "Repository",
      "Repository": "RSPM",
      "Hash": "04291cc45198225444a397606810ac37",
      "Requirements": [
        "htmltools",
        "jsonlite",
        "knitr",
        "rmarkdown",
        "yaml"
      ]
    },
    "httr": {
      "Package": "httr",
      "Version": "1.4.7",
      "Source": "Repository",
      "Repository": "RSPM",
      "Hash": "ac107251d9d9fd72f0ca8049988f1d7f",
      "Requirements": [
        "R6",
        "curl",
        "jsonlite",
        "mime",
        "openssl"
      ]
    },
    "httr2": {
      "Package": "httr2",
      "Version": "1.1.0",
      "Source": "Repository",
      "Repository": "RSPM",
      "Hash": "0f14199bbd820a9fca398f2df40994f1",
      "Requirements": [
        "R6",
        "cli",
        "curl",
        "glue",
        "lifecycle",
        "magrittr",
        "openssl",
        "rappdirs",
        "rlang",
        "vctrs",
        "withr"
      ]
    },
    "igraph": {
      "Package": "igraph",
      "Version": "1.5.1",
      "Source": "Repository",
      "Repository": "RSPM",
      "Hash": "80401cb5ec513e8ddc56764d03f63669",
      "Requirements": [
        "Matrix",
        "cli",
        "cpp11",
        "lifecycle",
        "magrittr",
        "pkgconfig",
        "rlang"
      ]
    },
    "isoband": {
      "Package": "isoband",
      "Version": "0.2.7",
      "Source": "Repository",
      "Repository": "RSPM",
      "Hash": "0080607b4a1a7b28979aecef976d8bc2",
      "Requirements": []
    },
    "janitor": {
      "Package": "janitor",
      "Version": "2.2.0",
      "Source": "Repository",
      "Repository": "RSPM",
      "Hash": "5baae149f1082f466df9d1442ba7aa65",
      "Requirements": [
        "dplyr",
        "hms",
        "lifecycle",
        "lubridate",
        "magrittr",
        "purrr",
        "rlang",
        "snakecase",
        "stringi",
        "stringr",
        "tidyr",
        "tidyselect"
      ]
    },
    "jpeg": {
      "Package": "jpeg",
      "Version": "0.1-10",
      "Source": "Repository",
      "Repository": "RSPM",
      "Hash": "031a0b683d001a7519202f0628fc0358",
      "Requirements": []
    },
    "jquerylib": {
      "Package": "jquerylib",
      "Version": "0.1.4",
      "Source": "Repository",
      "Repository": "RSPM",
      "Hash": "5aab57a3bd297eee1c1d862735972182",
      "Requirements": [
        "htmltools"
      ]
    },
    "jsonlite": {
      "Package": "jsonlite",
      "Version": "1.9.1",
      "Source": "Repository",
      "Repository": "RSPM",
      "Hash": "c72fbb0e7ee73ea7497ffeebe44f0d91",
      "Requirements": []
    },
    "knitr": {
      "Package": "knitr",
      "Version": "1.49",
      "Source": "Repository",
      "Repository": "RSPM",
      "Hash": "9fcb189926d93c636dea94fbe4f44480",
      "Requirements": [
        "evaluate",
        "highr",
        "xfun",
        "yaml"
      ]
    },
    "labeling": {
      "Package": "labeling",
      "Version": "0.4.3",
      "Source": "Repository",
      "Repository": "RSPM",
      "Hash": "b64ec208ac5bc1852b285f665d6368b3",
      "Requirements": []
    },
    "lattice": {
      "Package": "lattice",
      "Version": "0.21-8",
      "Source": "Repository",
      "Repository": "RSPM",
      "Hash": "0b8a6d63c8770f02a8b5635f3c431e6b",
      "Requirements": []
    },
    "lazyeval": {
      "Package": "lazyeval",
      "Version": "0.2.2",
      "Source": "Repository",
      "Repository": "RSPM",
      "Hash": "d908914ae53b04d4c0c0fd72ecc35370",
      "Requirements": []
    },
    "lifecycle": {
      "Package": "lifecycle",
      "Version": "1.0.4",
      "Source": "Repository",
      "Repository": "RSPM",
      "Hash": "b8552d117e1b808b09a832f589b79035",
      "Requirements": [
        "cli",
        "glue",
        "rlang"
      ]
    },
    "lubridate": {
      "Package": "lubridate",
      "Version": "1.9.2",
      "Source": "Repository",
      "Repository": "RSPM",
      "Hash": "e25f18436e3efd42c7c590a1c4c15390",
      "Requirements": [
        "generics",
        "timechange"
      ]
    },
    "magrittr": {
      "Package": "magrittr",
      "Version": "2.0.3",
      "Source": "Repository",
      "Repository": "RSPM",
      "Hash": "7ce2733a9826b3aeb1775d56fd305472",
      "Requirements": []
    },
    "markdown": {
      "Package": "markdown",
      "Version": "1.13",
      "Source": "Repository",
      "Repository": "RSPM",
      "Hash": "074efab766a9d6360865ad39512f2a7e",
      "Requirements": [
        "commonmark",
        "xfun"
      ]
    },
    "memoise": {
      "Package": "memoise",
      "Version": "2.0.1",
      "Source": "Repository",
      "Repository": "RSPM",
      "Hash": "e2817ccf4a065c5d9d7f2cfbe7c1d78c",
      "Requirements": [
        "cachem",
        "rlang"
      ]
    },
    "mgcv": {
      "Package": "mgcv",
      "Version": "1.8-42",
      "Source": "Repository",
      "Repository": "CRAN",
      "Hash": "3460beba7ccc8946249ba35327ba902a",
      "Requirements": [
        "Matrix",
        "nlme"
      ]
    },
    "mime": {
      "Package": "mime",
      "Version": "0.12",
      "Source": "Repository",
      "Repository": "RSPM",
      "Hash": "18e9c28c1d3ca1560ce30658b22ce104",
      "Requirements": []
    },
    "munsell": {
      "Package": "munsell",
      "Version": "0.5.1",
      "Source": "Repository",
      "Repository": "RSPM",
      "Hash": "4fd8900853b746af55b81fda99da7695",
      "Requirements": [
        "colorspace"
      ]
    },
    "nlme": {
      "Package": "nlme",
      "Version": "3.1-162",
      "Source": "Repository",
      "Repository": "CRAN",
      "Hash": "0984ce8da8da9ead8643c5cbbb60f83e",
      "Requirements": [
        "lattice"
      ]
    },
    "officer": {
      "Package": "officer",
      "Version": "0.6.7",
      "Source": "Repository",
      "Repository": "RSPM",
      "Hash": "d6c0a4e796301a5d252de42c92a9a8b9",
      "Requirements": [
        "R6",
        "cli",
        "openssl",
        "ragg",
        "uuid",
        "xml2",
        "zip"
      ]
    },
    "openssl": {
      "Package": "openssl",
      "Version": "2.3.2",
      "Source": "CRAN",
      "Repository": "RSPM",
      "RemoteType": "standard",
      "RemotePkgRef": "openssl",
      "RemoteRef": "openssl",
      "RemoteRepos": "https://packagemanager.posit.co/cran/latest",
      "RemotePkgPlatform": "x86_64-apple-darwin17.0",
      "RemoteSha": "2.3.2",
      "Hash": "bc54d87ebf858b28de18df4bca6528d3",
      "Requirements": [
        "askpass"
      ]
    },
    "patchwork": {
      "Package": "patchwork",
      "Version": "1.3.0",
      "Source": "Repository",
      "Repository": "RSPM",
      "Hash": "e23fb9ecb1258207bcb763d78d513439",
      "Requirements": [
        "cli",
        "farver",
        "ggplot2",
        "gtable",
        "rlang"
      ]
    },
    "pillar": {
      "Package": "pillar",
      "Version": "1.10.1",
      "Source": "Repository",
      "Repository": "RSPM",
      "Hash": "8b16b6097daef84cd3c40a6a7c5c9d86",
      "Requirements": [
        "cli",
        "glue",
        "lifecycle",
        "rlang",
        "utf8",
        "vctrs"
      ]
    },
    "pkgconfig": {
      "Package": "pkgconfig",
      "Version": "2.0.3",
      "Source": "Repository",
      "Repository": "RSPM",
      "Hash": "01f28d4278f15c76cddbea05899c5d6f",
      "Requirements": []
    },
    "plyr": {
      "Package": "plyr",
      "Version": "1.8.9",
      "Source": "Repository",
      "Repository": "RSPM",
      "Hash": "6b8177fd19982f0020743fadbfdbd933",
      "Requirements": [
        "Rcpp"
      ]
    },
    "png": {
      "Package": "png",
      "Version": "0.1-8",
      "Source": "Repository",
      "Repository": "RSPM",
      "Hash": "bd54ba8a0a5faded999a7aab6e46b374",
      "Requirements": []
    },
    "polyclip": {
      "Package": "polyclip",
      "Version": "1.10-7",
      "Source": "Repository",
      "Repository": "RSPM",
      "Hash": "5879bf5aae702ffef0a315c44328f984",
      "Requirements": []
    },
    "prettyunits": {
      "Package": "prettyunits",
      "Version": "1.2.0",
      "Source": "Repository",
      "Repository": "RSPM",
      "Hash": "6b01fc98b1e86c4f705ce9dcfd2f57c7",
      "Requirements": []
    },
    "processx": {
      "Package": "processx",
      "Version": "3.8.5",
      "Source": "CRAN",
      "Repository": "RSPM",
      "RemoteType": "standard",
      "RemotePkgRef": "processx",
      "RemoteRef": "processx",
      "RemoteRepos": "https://packagemanager.posit.co/cran/latest",
      "RemotePkgPlatform": "x86_64-apple-darwin17.0",
      "RemoteSha": "3.8.5",
      "Hash": "790b1edafbd9980aeb8c3d77e3b0ba33",
      "Requirements": [
        "R6",
        "ps"
      ]
    },
    "progress": {
      "Package": "progress",
      "Version": "1.2.3",
      "Source": "Repository",
      "Repository": "RSPM",
      "Hash": "f4625e061cb2865f111b47ff163a5ca6",
      "Requirements": [
        "R6",
        "crayon",
        "hms",
        "prettyunits"
      ]
    },
    "ps": {
      "Package": "ps",
      "Version": "1.8.1",
      "Source": "CRAN",
      "Repository": "RSPM",
      "RemoteType": "standard",
      "RemotePkgRef": "ps",
      "RemoteRef": "ps",
      "RemoteRepos": "https://packagemanager.posit.co/cran/latest",
      "RemotePkgPlatform": "x86_64-apple-darwin17.0",
      "RemoteSha": "1.8.1",
      "Hash": "b4404b1de13758dea1c0484ad0d48563",
      "Requirements": []
    },
    "purrr": {
      "Package": "purrr",
      "Version": "1.0.4",
      "Source": "Repository",
      "Repository": "RSPM",
      "Hash": "cc8b5d43f90551fa6df0a6be5d640a4f",
      "Requirements": [
        "cli",
        "lifecycle",
        "magrittr",
        "rlang",
        "vctrs"
      ]
    },
    "ragg": {
      "Package": "ragg",
      "Version": "1.2.5",
      "Source": "Repository",
      "Repository": "RSPM",
      "Hash": "690bc058ea2b1b8a407d3cfe3dce3ef9",
      "Requirements": [
        "systemfonts",
        "textshaping"
      ]
    },
    "rappdirs": {
      "Package": "rappdirs",
      "Version": "0.3.3",
      "Source": "Repository",
      "Repository": "RSPM",
      "Hash": "5e3c5dc0b071b21fa128676560dbe94d",
      "Requirements": []
    },
    "readxl": {
      "Package": "readxl",
      "Version": "1.4.3",
      "Source": "Repository",
      "Repository": "RSPM",
      "Hash": "8cf9c239b96df1bbb133b74aef77ad0a",
      "Requirements": [
        "cellranger",
        "cpp11",
        "progress",
        "tibble"
      ]
    },
    "rematch": {
      "Package": "rematch",
      "Version": "1.0.1",
      "Source": "Repository",
      "Repository": "CRAN",
      "Hash": "c66b930d20bb6d858cd18e1cebcfae5c",
      "Requirements": []
    },
    "renv": {
      "Package": "renv",
      "Version": "0.15.4",
      "Source": "Repository",
      "Repository": "RSPM",
      "Hash": "c1078316e1d4f70275fc1ea60c0bc431",
      "Requirements": []
    },
    "rlang": {
      "Package": "rlang",
      "Version": "1.1.5",
      "Source": "CRAN",
      "Repository": "RSPM",
      "RemoteType": "standard",
      "RemotePkgRef": "rlang",
      "RemoteRef": "rlang",
      "RemoteRepos": "https://packagemanager.posit.co/cran/latest",
      "RemotePkgPlatform": "x86_64-apple-darwin17.0",
      "RemoteSha": "1.1.5",
      "Hash": "724dcc1490cd7071ee75ca2994a5446e",
      "Requirements": []
    },
    "rmarkdown": {
      "Package": "rmarkdown",
      "Version": "2.29",
      "Source": "Repository",
      "Repository": "RSPM",
      "Hash": "df99277f63d01c34e95e3d2f06a79736",
      "Requirements": [
        "bslib",
        "evaluate",
        "fontawesome",
        "htmltools",
        "jquerylib",
        "jsonlite",
        "knitr",
        "tinytex",
        "xfun",
        "yaml"
      ]
    },
    "sass": {
      "Package": "sass",
      "Version": "0.4.9",
      "Source": "CRAN",
      "Repository": "RSPM",
      "RemoteType": "standard",
      "RemotePkgRef": "sass",
      "RemoteRef": "sass",
      "RemoteRepos": "https://packagemanager.posit.co/cran/latest",
      "RemotePkgPlatform": "x86_64-apple-darwin17.0",
      "RemoteSha": "0.4.9",
      "Hash": "d53dbfddf695303ea4ad66f86e99b95d",
      "Requirements": [
        "R6",
        "fs",
        "htmltools",
        "rappdirs",
        "rlang"
      ]
    },
    "scales": {
      "Package": "scales",
      "Version": "1.3.0",
      "Source": "Repository",
      "Repository": "RSPM",
      "Hash": "c19df082ba346b0ffa6f833e92de34d1",
      "Requirements": [
        "R6",
        "RColorBrewer",
        "cli",
        "farver",
        "glue",
        "labeling",
        "lifecycle",
        "munsell",
        "rlang",
        "viridisLite"
      ]
    },
    "snakecase": {
      "Package": "snakecase",
      "Version": "0.11.1",
      "Source": "Repository",
      "Repository": "RSPM",
      "Hash": "58767e44739b76965332e8a4fe3f91f1",
      "Requirements": [
        "stringi",
        "stringr"
      ]
    },
    "stringi": {
      "Package": "stringi",
      "Version": "1.8.4",
      "Source": "CRAN",
      "Repository": "RSPM",
      "RemoteType": "standard",
      "RemotePkgRef": "stringi",
      "RemoteRef": "stringi",
      "RemoteRepos": "https://packagemanager.posit.co/cran/latest",
      "RemotePkgPlatform": "x86_64-apple-darwin17.0",
      "RemoteSha": "1.8.4",
      "Hash": "39e1144fd75428983dc3f63aa53dfa91",
      "Requirements": []
    },
    "stringr": {
      "Package": "stringr",
      "Version": "1.5.1",
      "Source": "Repository",
      "Repository": "RSPM",
      "Hash": "960e2ae9e09656611e0b8214ad543207",
      "Requirements": [
        "cli",
        "glue",
        "lifecycle",
        "magrittr",
        "rlang",
        "stringi",
        "vctrs"
      ]
    },
    "survival": {
      "Package": "survival",
      "Version": "3.5-5",
      "Source": "Repository",
      "Repository": "RSPM",
      "Hash": "d683341b1fa2e8d817efde27d6e6d35b",
      "Requirements": [
        "Matrix"
      ]
    },
    "sys": {
      "Package": "sys",
      "Version": "3.4.3",
      "Source": "CRAN",
      "Repository": "RSPM",
      "RemoteType": "standard",
      "RemotePkgRef": "sys",
      "RemoteRef": "sys",
      "RemoteRepos": "https://packagemanager.posit.co/cran/latest",
      "RemotePkgPlatform": "x86_64-apple-darwin17.0",
      "RemoteSha": "3.4.3",
      "Hash": "de342ebfebdbf40477d0758d05426646",
      "Requirements": []
    },
    "systemfonts": {
      "Package": "systemfonts",
      "Version": "1.2.1",
      "Source": "Repository",
      "Repository": "RSPM",
      "Hash": "f8b2924480a2679e2bad9750646112fe",
      "Requirements": [
        "cpp11",
        "jsonlite",
        "lifecycle"
      ]
    },
    "tarchetypes": {
      "Package": "tarchetypes",
      "Version": "0.7.10",
      "Source": "Repository",
      "Repository": "RSPM",
      "Hash": "ddb09b32a3ac61f8e36cdc78a4df3c01",
      "Requirements": [
        "digest",
        "dplyr",
        "fs",
        "rlang",
        "targets",
        "tibble",
        "tidyselect",
        "vctrs",
        "withr"
      ]
    },
    "targets": {
      "Package": "targets",
      "Version": "1.4.0",
      "Source": "Repository",
      "Repository": "RSPM",
      "Hash": "0be50803a2b160210f4f64792e6a29a5",
      "Requirements": [
        "R6",
        "base64url",
        "callr",
        "cli",
        "codetools",
        "data.table",
        "digest",
        "igraph",
        "knitr",
        "rlang",
        "tibble",
        "tidyselect",
        "vctrs",
        "yaml"
      ]
    },
    "textshaping": {
      "Package": "textshaping",
      "Version": "0.3.6",
      "Source": "Repository",
      "Repository": "RSPM",
      "Hash": "1ab6223d3670fac7143202cb6a2d43d5",
      "Requirements": [
        "cpp11",
        "systemfonts"
      ]
    },
    "tibble": {
      "Package": "tibble",
      "Version": "3.2.1",
      "Source": "Repository",
      "Repository": "RSPM",
      "Hash": "a84e2cc86d07289b3b6f5069df7a004c",
      "Requirements": [
        "fansi",
        "lifecycle",
        "magrittr",
        "pillar",
        "pkgconfig",
        "rlang",
        "vctrs"
      ]
    },
    "tidyr": {
      "Package": "tidyr",
      "Version": "1.3.1",
      "Source": "Repository",
      "Repository": "RSPM",
      "Hash": "915fb7ce036c22a6a33b5a8adb712eb1",
      "Requirements": [
        "cli",
        "cpp11",
        "dplyr",
        "glue",
        "lifecycle",
        "magrittr",
        "purrr",
        "rlang",
        "stringr",
        "tibble",
        "tidyselect",
        "vctrs"
      ]
    },
    "tidyselect": {
      "Package": "tidyselect",
      "Version": "1.2.1",
      "Source": "Repository",
      "Repository": "RSPM",
      "Hash": "829f27b9c4919c16b593794a6344d6c0",
      "Requirements": [
        "cli",
        "glue",
        "lifecycle",
        "rlang",
        "vctrs",
        "withr"
      ]
    },
    "timechange": {
      "Package": "timechange",
      "Version": "0.2.0",
      "Source": "Repository",
      "Repository": "RSPM",
      "Hash": "8548b44f79a35ba1791308b61e6012d7",
      "Requirements": [
        "cpp11"
      ]
    },
    "tinytex": {
      "Package": "tinytex",
      "Version": "0.54",
      "Source": "Repository",
      "Repository": "RSPM",
      "Hash": "3ec7e3ddcacc2d34a9046941222bf94d",
      "Requirements": [
        "xfun"
      ]
    },
    "tweenr": {
      "Package": "tweenr",
      "Version": "2.0.3",
      "Source": "Repository",
      "Repository": "RSPM",
      "Hash": "82fac2b73e6a1f3874fc000aaf96d8bc",
      "Requirements": [
        "cpp11",
        "farver",
        "magrittr",
        "rlang",
        "vctrs"
      ]
    },
    "utf8": {
      "Package": "utf8",
      "Version": "1.2.4",
      "Source": "Repository",
      "Repository": "RSPM",
      "Hash": "62b65c52671e6665f803ff02954446e9",
      "Requirements": []
    },
    "uuid": {
      "Package": "uuid",
      "Version": "1.1-0",
      "Source": "Repository",
      "Repository": "RSPM",
      "Hash": "f1cb46c157d080b729159d407be83496",
      "Requirements": []
    },
    "vctrs": {
      "Package": "vctrs",
      "Version": "0.6.5",
      "Source": "Repository",
      "Repository": "RSPM",
      "Hash": "c03fa420630029418f7e6da3667aac4a",
      "Requirements": [
        "cli",
        "glue",
        "lifecycle",
        "rlang"
      ]
    },
    "viridisLite": {
      "Package": "viridisLite",
      "Version": "0.4.2",
      "Source": "Repository",
      "Repository": "RSPM",
      "Hash": "c826c7c4241b6fc89ff55aaea3fa7491",
      "Requirements": []
    },
    "visNetwork": {
      "Package": "visNetwork",
      "Version": "2.1.2",
      "Source": "Repository",
      "Repository": "RSPM",
      "Hash": "3e48b097e8d9a91ecced2ed4817a678d",
      "Requirements": [
        "htmltools",
        "htmlwidgets",
        "jsonlite",
        "magrittr"
      ]
    },
    "withr": {
      "Package": "withr",
      "Version": "3.0.2",
      "Source": "Repository",
      "Repository": "RSPM",
      "Hash": "cc2d62c76458d425210d1eb1478b30b4",
      "Requirements": []
    },
    "xfun": {
      "Package": "xfun",
      "Version": "0.50",
      "Source": "CRAN",
      "Repository": "RSPM",
      "RemoteType": "standard",
      "RemotePkgRef": "xfun",
      "RemoteRef": "xfun",
      "RemoteRepos": "https://packagemanager.posit.co/cran/latest",
      "RemotePkgPlatform": "x86_64-apple-darwin17.0",
      "RemoteSha": "0.50",
      "Hash": "44ab88837d3f8dfc66a837299b887fa6",
      "Requirements": []
    },
    "xml2": {
      "Package": "xml2",
      "Version": "1.3.6",
      "Source": "Repository",
      "Repository": "RSPM",
      "Hash": "1d0336142f4cd25d8d23cd3ba7a8fb61",
      "Requirements": [
        "cli",
        "rlang"
      ]
    },
    "yaml": {
      "Package": "yaml",
      "Version": "2.3.10",
      "Source": "CRAN",
      "Repository": "RSPM",
      "RemoteType": "standard",
      "RemotePkgRef": "yaml",
      "RemoteRef": "yaml",
      "RemoteRepos": "https://packagemanager.posit.co/cran/latest",
      "RemotePkgPlatform": "x86_64-apple-darwin17.0",
      "RemoteSha": "2.3.10",
      "Hash": "51dab85c6c98e50a18d7551e9d49f76c",
      "Requirements": []
    },
    "yulab.utils": {
      "Package": "yulab.utils",
      "Version": "0.2.0",
      "Source": "Repository",
      "Repository": "RSPM",
      "Hash": "6298953be4b60e23b75cf48c9bf9b0a2",
      "Requirements": [
        "cli",
        "digest",
        "fs",
        "rlang"
      ]
    },
    "zip": {
      "Package": "zip",
      "Version": "2.3.0",
      "Source": "Repository",
      "Repository": "CRAN",
      "Hash": "d98c94dacb7e0efcf83b0a133a705504",
      "Requirements": []
    }
  }
}
